
Microsoft Visual Studio Solution File, Format Version 12.00
# Visual Studio 14
VisualStudioVersion = 14.0.23107.0
MinimumVisualStudioVersion = 10.0.40219.1
Project("{FAE04EC0-301F-11D3-BF4B-00C04F79EFBC}") = "ToyStore", "ToyStore\ToyStore.csproj", "{DAC215A2-56F2-49D7-AE3F-BB5DC7250466}"
EndProject
Global
	GlobalSection(SolutionConfigurationPlatforms) = preSolution
		Debug|Any CPU = Debug|Any CPU
		Release|Any CPU = Release|Any CPU
	EndGlobalSection
	GlobalSection(ProjectConfigurationPlatforms) = postSolution
		{DAC215A2-56F2-49D7-AE3F-BB5DC7250466}.Debug|Any CPU.ActiveCfg = Debug|Any CPU
		{DAC215A2-56F2-49D7-AE3F-BB5DC7250466}.Debug|Any CPU.Build.0 = Debug|Any CPU
		{DAC215A2-56F2-49D7-AE3F-BB5DC7250466}.Release|Any CPU.ActiveCfg = Release|Any CPU
		{DAC215A2-56F2-49D7-AE3F-BB5DC7250466}.Release|Any CPU.Build.0 = Release|Any CPU
	EndGlobalSection
	GlobalSection(SolutionProperties) = preSolution
		HideSolutionNode = FALSE
	EndGlobalSection
EndGlobal
